
Microsoft Visual Studio Solution File, Format Version 12.00
# Visual Studio Version 17
VisualStudioVersion = 17.14.36203.30 d17.14
MinimumVisualStudioVersion = 10.0.40219.1
Project("{FAE04EC0-301F-11D3-BF4B-00C04F79EFBC}") = "HMS", "HMS\HMS.csproj", "{4A8C50F3-2A2B-46A4-A9AD-57D09C614B99}"
EndProject
Global
	GlobalSection(SolutionConfigurationPlatforms) = preSolution
		Debug|Any CPU = Debug|Any CPU
		Release|Any CPU = Release|Any CPU
	EndGlobalSection
	GlobalSection(ProjectConfigurationPlatforms) = postSolution
		{4A8C50F3-2A2B-46A4-A9AD-57D09C614B99}.Debug|Any CPU.ActiveCfg = Debug|Any CPU
		{4A8C50F3-2A2B-46A4-A9AD-57D09C614B99}.Debug|Any CPU.Build.0 = Debug|Any CPU
		{4A8C50F3-2A2B-46A4-A9AD-57D09C614B99}.Release|Any CPU.ActiveCfg = Release|Any CPU
		{4A8C50F3-2A2B-46A4-A9AD-57D09C614B99}.Release|Any CPU.Build.0 = Release|Any CPU
	EndGlobalSection
	GlobalSection(SolutionProperties) = preSolution
		HideSolutionNode = FALSE
	EndGlobalSection
	GlobalSection(ExtensibilityGlobals) = postSolution
		SolutionGuid = {FD8969A5-0504-4A0E-AEE7-8DF971ABBF9C}
	EndGlobalSection
EndGlobal
